
Microsoft Visual Studio Solution File, Format Version 12.00
# Visual Studio Version 17
VisualStudioVersion = 17.8.34330.188
MinimumVisualStudioVersion = 10.0.40219.1
Project("{8BC9CEB8-8B4A-11D0-8D11-00A0C91BC942}") = "main", "main\main.vcxproj", "{0B3CBF8C-7C0A-4E4A-AA1F-5E91D9C6C7BC}"
EndProject
Project("{8BC9CEB8-8B4A-11D0-8D11-00A0C91BC942}") = "test", "test\test.vcxproj", "{1F4C5F1F-6703-4926-B07E-BDDDD9AC3C3F}"
EndProject
Global
	GlobalSection(SolutionConfigurationPlatforms) = preSolution
		Debug|x64 = Debug|x64
		Release|x64 = Release|x64
	EndGlobalSection
	GlobalSection(ProjectConfigurationPlatforms) = postSolution
		{0B3CBF8C-7C0A-4E4A-AA1F-5E91D9C6C7BC}.Debug|x64.ActiveCfg = Debug|x64
		{0B3CBF8C-7C0A-4E4A-AA1F-5E91D9C6C7BC}.Debug|x64.Build.0 = Debug|x64
		{0B3CBF8C-7C0A-4E4A-AA1F-5E91D9C6C7BC}.Release|x64.ActiveCfg = Release|x64
		{0B3CBF8C-7C0A-4E4A-AA1F-5E91D9C6C7BC}.Release|x64.Build.0 = Release|x64
		{1F4C5F1F-6703-4926-B07E-BDDDD9AC3C3F}.Debug|x64.ActiveCfg = Debug|x64
		{1F4C5F1F-6703-4926-B07E-BDDDD9AC3C3F}.Debug|x64.Build.0 = Debug|x64
		{1F4C5F1F-6703-4926-B07E-BDDDD9AC3C3F}.Release|x64.ActiveCfg = Release|x64
		{1F4C5F1F-6703-4926-B07E-BDDDD9AC3C3F}.Release|x64.Build.0 = Release|x64
	EndGlobalSection
	GlobalSection(SolutionProperties) = preSolution
		HideSolutionNode = FALSE
	EndGlobalSection
	GlobalSection(ExtensibilityGlobals) = postSolution
		SolutionGuid = {2889B04D-B02F-4E8B-9C26-0538DCB92E61}
	EndGlobalSection
EndGlobal
