
Microsoft Visual Studio Solution File, Format Version 12.00
# Visual Studio Version 17
VisualStudioVersion = 17.9.34511.98
MinimumVisualStudioVersion = 10.0.40219.1
Project("{8BC9CEB8-8B4A-11D0-8D11-00A0C91BC942}") = "JippVectorTests", "JippVectorTests\JippVectorTests.vcxproj", "{B44CF784-904C-487F-9BA2-90AB3032D57F}"
EndProject
Project("{8BC9CEB8-8B4A-11D0-8D11-00A0C91BC942}") = "JippVector", "JippVector\JippVector.vcxproj", "{899069ED-A656-43DE-8013-F5794E01899E}"
EndProject
Project("{8BC9CEB8-8B4A-11D0-8D11-00A0C91BC942}") = "EmployeeManager", "EmployeeManager\EmployeeManager.vcxproj", "{87793E7A-B4DF-4D33-AF90-AC88505F2EC0}"
EndProject
Project("{8BC9CEB8-8B4A-11D0-8D11-00A0C91BC942}") = "EmployeeManagerTests", "EmployeeManagerTests\EmployeeManagerTests.vcxproj", "{A2DA89CE-2CD1-4376-A83B-6903E6F30D8C}"
EndProject
Global
	GlobalSection(SolutionConfigurationPlatforms) = preSolution
		Debug|x64 = Debug|x64
		Release|x64 = Release|x64
	EndGlobalSection
	GlobalSection(ProjectConfigurationPlatforms) = postSolution
		{B44CF784-904C-487F-9BA2-90AB3032D57F}.Debug|x64.ActiveCfg = Debug|x64
		{B44CF784-904C-487F-9BA2-90AB3032D57F}.Debug|x64.Build.0 = Debug|x64
		{B44CF784-904C-487F-9BA2-90AB3032D57F}.Release|x64.ActiveCfg = Release|x64
		{B44CF784-904C-487F-9BA2-90AB3032D57F}.Release|x64.Build.0 = Release|x64
		{899069ED-A656-43DE-8013-F5794E01899E}.Debug|x64.ActiveCfg = Debug|x64
		{899069ED-A656-43DE-8013-F5794E01899E}.Debug|x64.Build.0 = Debug|x64
		{899069ED-A656-43DE-8013-F5794E01899E}.Release|x64.ActiveCfg = Release|x64
		{899069ED-A656-43DE-8013-F5794E01899E}.Release|x64.Build.0 = Release|x64
		{87793E7A-B4DF-4D33-AF90-AC88505F2EC0}.Debug|x64.ActiveCfg = Debug|x64
		{87793E7A-B4DF-4D33-AF90-AC88505F2EC0}.Debug|x64.Build.0 = Debug|x64
		{87793E7A-B4DF-4D33-AF90-AC88505F2EC0}.Release|x64.ActiveCfg = Release|x64
		{87793E7A-B4DF-4D33-AF90-AC88505F2EC0}.Release|x64.Build.0 = Release|x64
		{A2DA89CE-2CD1-4376-A83B-6903E6F30D8C}.Debug|x64.ActiveCfg = Debug|x64
		{A2DA89CE-2CD1-4376-A83B-6903E6F30D8C}.Debug|x64.Build.0 = Debug|x64
		{A2DA89CE-2CD1-4376-A83B-6903E6F30D8C}.Release|x64.ActiveCfg = Release|x64
		{A2DA89CE-2CD1-4376-A83B-6903E6F30D8C}.Release|x64.Build.0 = Release|x64
	EndGlobalSection
	GlobalSection(SolutionProperties) = preSolution
		HideSolutionNode = FALSE
	EndGlobalSection
	GlobalSection(ExtensibilityGlobals) = postSolution
		SolutionGuid = {E43DAC62-D7F7-4740-9628-50CBE210D903}
	EndGlobalSection
EndGlobal
